
Microsoft Visual Studio Solution File, Format Version 12.00
# Visual Studio Version 17
VisualStudioVersion = 17.11.35327.3
MinimumVisualStudioVersion = 10.0.40219.1
Project("{FAE04EC0-301F-11D3-BF4B-00C04F79EFBC}") = "ServiceHub", "ServiceHub\ServiceHub.csproj", "{12F4AFCD-40C8-4AD3-B75B-BD7124476EC1}"
EndProject
Project("{2150E333-8FDC-42A3-9474-1A3956D46DE8}") = "Data", "Data", "{20A53614-4DF4-4810-98EA-8E7DAE4F15CF}"
EndProject
Project("{2150E333-8FDC-42A3-9474-1A3956D46DE8}") = "Web", "Web", "{AC99FC7D-3982-48B6-9572-9B24A4C5A915}"
EndProject
Project("{2150E333-8FDC-42A3-9474-1A3956D46DE8}") = "Core", "Core", "{83D97101-614E-4C42-81AA-33472D9E47EF}"
EndProject
Project("{2150E333-8FDC-42A3-9474-1A3956D46DE8}") = "Common", "Common", "{DA96F927-5AC4-4091-A801-C19916196719}"
EndProject
Project("{2150E333-8FDC-42A3-9474-1A3956D46DE8}") = "Service", "Service", "{CAA34F7D-1806-487B-A025-C6B80E66C6AE}"
EndProject
Project("{2150E333-8FDC-42A3-9474-1A3956D46DE8}") = "Tests", "Tests", "{FBBB8C22-EC99-43AE-BC0E-8B32E52417E8}"
EndProject
Project("{FAE04EC0-301F-11D3-BF4B-00C04F79EFBC}") = "ServiceHub.Data", "ServiceHub.Data\ServiceHub.Data.csproj", "{8A9E51CD-1686-4158-9283-51A826179861}"
EndProject
Project("{FAE04EC0-301F-11D3-BF4B-00C04F79EFBC}") = "SmartHub.Core", "SmartHub.Core\SmartHub.Core.csproj", "{21C1F1AA-1063-4BD0-8FEA-3FA784380B00}"
EndProject
Project("{FAE04EC0-301F-11D3-BF4B-00C04F79EFBC}") = "ServiceHub.Common", "SmartHub.Common\ServiceHub.Common.csproj", "{E842CCAA-53D9-4A09-A667-DC6ED255658F}"
EndProject
Project("{FAE04EC0-301F-11D3-BF4B-00C04F79EFBC}") = "SmartHub.Tests", "SmartHub.Tests\SmartHub.Tests.csproj", "{48C5751C-A33A-40A6-92BC-FC42602DDFAC}"
EndProject
Project("{FAE04EC0-301F-11D3-BF4B-00C04F79EFBC}") = "ServiceHub.Data.Models", "ServiceHub.Data.Models\ServiceHub.Data.Models.csproj", "{C188E4AC-ACB3-4EAC-AFD0-9CC9AF9A7ADB}"
EndProject
Project("{FAE04EC0-301F-11D3-BF4B-00C04F79EFBC}") = "ServiceHub.Services", "ServiceHub.Services\ServiceHub.Services.csproj", "{3B7D996F-A371-4048-8468-7391F4203E11}"
EndProject
Global
	GlobalSection(SolutionConfigurationPlatforms) = preSolution
		Debug|Any CPU = Debug|Any CPU
		Release|Any CPU = Release|Any CPU
	EndGlobalSection
	GlobalSection(ProjectConfigurationPlatforms) = postSolution
		{12F4AFCD-40C8-4AD3-B75B-BD7124476EC1}.Debug|Any CPU.ActiveCfg = Debug|Any CPU
		{12F4AFCD-40C8-4AD3-B75B-BD7124476EC1}.Debug|Any CPU.Build.0 = Debug|Any CPU
		{12F4AFCD-40C8-4AD3-B75B-BD7124476EC1}.Release|Any CPU.ActiveCfg = Release|Any CPU
		{12F4AFCD-40C8-4AD3-B75B-BD7124476EC1}.Release|Any CPU.Build.0 = Release|Any CPU
		{8A9E51CD-1686-4158-9283-51A826179861}.Debug|Any CPU.ActiveCfg = Debug|Any CPU
		{8A9E51CD-1686-4158-9283-51A826179861}.Debug|Any CPU.Build.0 = Debug|Any CPU
		{8A9E51CD-1686-4158-9283-51A826179861}.Release|Any CPU.ActiveCfg = Release|Any CPU
		{8A9E51CD-1686-4158-9283-51A826179861}.Release|Any CPU.Build.0 = Release|Any CPU
		{21C1F1AA-1063-4BD0-8FEA-3FA784380B00}.Debug|Any CPU.ActiveCfg = Debug|Any CPU
		{21C1F1AA-1063-4BD0-8FEA-3FA784380B00}.Debug|Any CPU.Build.0 = Debug|Any CPU
		{21C1F1AA-1063-4BD0-8FEA-3FA784380B00}.Release|Any CPU.ActiveCfg = Release|Any CPU
		{21C1F1AA-1063-4BD0-8FEA-3FA784380B00}.Release|Any CPU.Build.0 = Release|Any CPU
		{E842CCAA-53D9-4A09-A667-DC6ED255658F}.Debug|Any CPU.ActiveCfg = Debug|Any CPU
		{E842CCAA-53D9-4A09-A667-DC6ED255658F}.Debug|Any CPU.Build.0 = Debug|Any CPU
		{E842CCAA-53D9-4A09-A667-DC6ED255658F}.Release|Any CPU.ActiveCfg = Release|Any CPU
		{E842CCAA-53D9-4A09-A667-DC6ED255658F}.Release|Any CPU.Build.0 = Release|Any CPU
		{48C5751C-A33A-40A6-92BC-FC42602DDFAC}.Debug|Any CPU.ActiveCfg = Debug|Any CPU
		{48C5751C-A33A-40A6-92BC-FC42602DDFAC}.Debug|Any CPU.Build.0 = Debug|Any CPU
		{48C5751C-A33A-40A6-92BC-FC42602DDFAC}.Release|Any CPU.ActiveCfg = Release|Any CPU
		{48C5751C-A33A-40A6-92BC-FC42602DDFAC}.Release|Any CPU.Build.0 = Release|Any CPU
		{C188E4AC-ACB3-4EAC-AFD0-9CC9AF9A7ADB}.Debug|Any CPU.ActiveCfg = Debug|Any CPU
		{C188E4AC-ACB3-4EAC-AFD0-9CC9AF9A7ADB}.Debug|Any CPU.Build.0 = Debug|Any CPU
		{C188E4AC-ACB3-4EAC-AFD0-9CC9AF9A7ADB}.Release|Any CPU.ActiveCfg = Release|Any CPU
		{C188E4AC-ACB3-4EAC-AFD0-9CC9AF9A7ADB}.Release|Any CPU.Build.0 = Release|Any CPU
		{3B7D996F-A371-4048-8468-7391F4203E11}.Debug|Any CPU.ActiveCfg = Debug|Any CPU
		{3B7D996F-A371-4048-8468-7391F4203E11}.Debug|Any CPU.Build.0 = Debug|Any CPU
		{3B7D996F-A371-4048-8468-7391F4203E11}.Release|Any CPU.ActiveCfg = Release|Any CPU
		{3B7D996F-A371-4048-8468-7391F4203E11}.Release|Any CPU.Build.0 = Release|Any CPU
	EndGlobalSection
	GlobalSection(SolutionProperties) = preSolution
		HideSolutionNode = FALSE
	EndGlobalSection
	GlobalSection(NestedProjects) = preSolution
		{12F4AFCD-40C8-4AD3-B75B-BD7124476EC1} = {AC99FC7D-3982-48B6-9572-9B24A4C5A915}
		{8A9E51CD-1686-4158-9283-51A826179861} = {20A53614-4DF4-4810-98EA-8E7DAE4F15CF}
		{21C1F1AA-1063-4BD0-8FEA-3FA784380B00} = {83D97101-614E-4C42-81AA-33472D9E47EF}
		{E842CCAA-53D9-4A09-A667-DC6ED255658F} = {DA96F927-5AC4-4091-A801-C19916196719}
		{48C5751C-A33A-40A6-92BC-FC42602DDFAC} = {FBBB8C22-EC99-43AE-BC0E-8B32E52417E8}
		{C188E4AC-ACB3-4EAC-AFD0-9CC9AF9A7ADB} = {20A53614-4DF4-4810-98EA-8E7DAE4F15CF}
		{3B7D996F-A371-4048-8468-7391F4203E11} = {CAA34F7D-1806-487B-A025-C6B80E66C6AE}
	EndGlobalSection
	GlobalSection(ExtensibilityGlobals) = postSolution
		SolutionGuid = {26600C9A-6BBA-478E-9A7B-3AF205EA820F}
	EndGlobalSection
EndGlobal
